
Microsoft Visual Studio Solution File, Format Version 12.00
# Visual Studio Version 17
VisualStudioVersion = 17.3.32825.248
MinimumVisualStudioVersion = 10.0.40219.1
Project("{FAE04EC0-301F-11D3-BF4B-00C04F79EFBC}") = "WebApplication22_11_1", "WebApplication22_11_1\WebApplication22_11_1.csproj", "{DB77140E-1A2B-4072-8D32-DA50BF8926B6}"
EndProject
Global
	GlobalSection(SolutionConfigurationPlatforms) = preSolution
		Debug|Any CPU = Debug|Any CPU
		Release|Any CPU = Release|Any CPU
	EndGlobalSection
	GlobalSection(ProjectConfigurationPlatforms) = postSolution
		{DB77140E-1A2B-4072-8D32-DA50BF8926B6}.Debug|Any CPU.ActiveCfg = Debug|Any CPU
		{DB77140E-1A2B-4072-8D32-DA50BF8926B6}.Debug|Any CPU.Build.0 = Debug|Any CPU
		{DB77140E-1A2B-4072-8D32-DA50BF8926B6}.Release|Any CPU.ActiveCfg = Release|Any CPU
		{DB77140E-1A2B-4072-8D32-DA50BF8926B6}.Release|Any CPU.Build.0 = Release|Any CPU
	EndGlobalSection
	GlobalSection(SolutionProperties) = preSolution
		HideSolutionNode = FALSE
	EndGlobalSection
	GlobalSection(ExtensibilityGlobals) = postSolution
		SolutionGuid = {C11A9B47-E822-4B0A-929E-CCDD973A0FA2}
	EndGlobalSection
EndGlobal
